// !$*UTF8*$!
{
	archiveVersion = 1;
	classes = {
	};
	objectVersion = 50;
	objects = {

/* Begin PBXBuildFile section */
		686B3EB32639739900D1E086 /* AppDelegate.swift in Sources */ = {isa = PBXBuildFile; fileRef = 686B3EB22639739900D1E086 /* AppDelegate.swift */; };
		686B3EB52639739900D1E086 /* SceneDelegate.swift in Sources */ = {isa = PBXBuildFile; fileRef = 686B3EB42639739900D1E086 /* SceneDelegate.swift */; };
		686B3EB72639739900D1E086 /* ViewController.swift in Sources */ = {isa = PBXBuildFile; fileRef = 686B3EB62639739900D1E086 /* ViewController.swift */; };
		686B3EBA2639739900D1E086 /* Main.storyboard in Resources */ = {isa = PBXBuildFile; fileRef = 686B3EB82639739900D1E086 /* Main.storyboard */; };
		686B3EBC2639739B00D1E086 /* Assets.xcassets in Resources */ = {isa = PBXBuildFile; fileRef = 686B3EBB2639739B00D1E086 /* Assets.xcassets */; };
		686B3EBF2639739B00D1E086 /* LaunchScreen.storyboard in Resources */ = {isa = PBXBuildFile; fileRef = 686B3EBD2639739B00D1E086 /* LaunchScreen.storyboard */; };
		D7069437BB28D6B0810B399F /* Pods_LoginPractical.framework in Frameworks */ = {isa = PBXBuildFile; fileRef = 5DA46624AD1C023AAA127CA5 /* Pods_LoginPractical.framework */; };
/* End PBXBuildFile section */

/* Begin PBXFileReference section */
		5DA46624AD1C023AAA127CA5 /* Pods_LoginPractical.framework */ = {isa = PBXFileReference; explicitFileType = wrapper.framework; includeInIndex = 0; path = Pods_LoginPractical.framework; sourceTree = BUILT_PRODUCTS_DIR; };
		686B3EAF2639739900D1E086 /* LoginPractical.app */ = {isa = PBXFileReference; explicitFileType = wrapper.application; includeInIndex = 0; path = LoginPractical.app; sourceTree = BUILT_PRODUCTS_DIR; };
		686B3EB22639739900D1E086 /* AppDelegate.swift */ = {isa = PBXFileReference; lastKnownFileType = sourcecode.swift; path = AppDelegate.swift; sourceTree = "<group>"; };
		686B3EB42639739900D1E086 /* SceneDelegate.swift */ = {isa = PBXFileReference; lastKnownFileType = sourcecode.swift; path = SceneDelegate.swift; sourceTree = "<group>"; };
		686B3EB62639739900D1E086 /* ViewController.swift */ = {isa = PBXFileReference; lastKnownFileType = sourcecode.swift; path = ViewController.swift; sourceTree = "<group>"; };
		686B3EB92639739900D1E086 /* Base */ = {isa = PBXFileReference; lastKnownFileType = file.storyboard; name = Base; path = Base.lproj/Main.storyboard; sourceTree = "<group>"; };
		686B3EBB2639739B00D1E086 /* Assets.xcassets */ = {isa = PBXFileReference; lastKnownFileType = folder.assetcatalog; path = Assets.xcassets; sourceTree = "<group>"; };
		686B3EBE2639739B00D1E086 /* Base */ = {isa = PBXFileReference; lastKnownFileType = file.storyboard; name = Base; path = Base.lproj/LaunchScreen.storyboard; sourceTree = "<group>"; };
		686B3EC02639739B00D1E086 /* Info.plist */ = {isa = PBXFileReference; lastKnownFileType = text.plist.xml; path = Info.plist; sourceTree = "<group>"; };
		6FCC85C9DBBD986F980C8C25 /* Pods-LoginPractical.debug.xcconfig */ = {isa = PBXFileReference; includeInIndex = 1; lastKnownFileType = text.xcconfig; name = "Pods-LoginPractical.debug.xcconfig"; path = "Target Support Files/Pods-LoginPractical/Pods-LoginPractical.debug.xcconfig"; sourceTree = "<group>"; };
		EFE9467775C3989B1BEF1E87 /* Pods-LoginPractical.release.xcconfig */ = {isa = PBXFileReference; includeInIndex = 1; lastKnownFileType = text.xcconfig; name = "Pods-LoginPractical.release.xcconfig"; path = "Target Support Files/Pods-LoginPractical/Pods-LoginPractical.release.xcconfig"; sourceTree = "<group>"; };
/* End PBXFileReference section */

/* Begin PBXFrameworksBuildPhase section */
		686B3EAC2639739900D1E086 /* Frameworks */ = {
			isa = PBXFrameworksBuildPhase;
			buildActionMask = 2147483647;
			files = (
				D7069437BB28D6B0810B399F /* Pods_LoginPractical.framework in Frameworks */,
			);
			runOnlyForDeploymentPostprocessing = 0;
		};
/* End PBXFrameworksBuildPhase section */

/* Begin PBXGroup section */
		686B3EA62639739900D1E086 = {
			isa = PBXGroup;
			children = (
				686B3EB12639739900D1E086 /* LoginPractical */,
				686B3EB02639739900D1E086 /* Products */,
				F84971D496584B785F136B3F /* Pods */,
				6C40DCC2487ADE3F095C82D7 /* Frameworks */,
			);
			sourceTree = "<group>";
		};
		686B3EB02639739900D1E086 /* Products */ = {
			isa = PBXGroup;
			children = (
				686B3EAF2639739900D1E086 /* LoginPractical.app */,
			);
			name = Products;
			sourceTree = "<group>";
		};
		686B3EB12639739900D1E086 /* LoginPractical */ = {
			isa = PBXGroup;
			children = (
				686B3EB22639739900D1E086 /* AppDelegate.swift */,
				686B3EB42639739900D1E086 /* SceneDelegate.swift */,
				686B3EB62639739900D1E086 /* ViewController.swift */,
				686B3EB82639739900D1E086 /* Main.storyboard */,
				686B3EBB2639739B00D1E086 /* Assets.xcassets */,
				686B3EBD2639739B00D1E086 /* LaunchScreen.storyboard */,
				686B3EC02639739B00D1E086 /* Info.plist */,
			);
			path = LoginPractical;
			sourceTree = "<group>";
		};
		6C40DCC2487ADE3F095C82D7 /* Frameworks */ = {
			isa = PBXGroup;
			children = (
				5DA46624AD1C023AAA127CA5 /* Pods_LoginPractical.framework */,
			);
			name = Frameworks;
			sourceTree = "<group>";
		};
		F84971D496584B785F136B3F /* Pods */ = {
			isa = PBXGroup;
			children = (
				6FCC85C9DBBD986F980C8C25 /* Pods-LoginPractical.debug.xcconfig */,
				EFE9467775C3989B1BEF1E87 /* Pods-LoginPractical.release.xcconfig */,
			);
			name = Pods;
			path = Pods;
			sourceTree = "<group>";
		};
/* End PBXGroup section */

/* Begin PBXNativeTarget section */
		686B3EAE2639739900D1E086 /* LoginPractical */ = {
			isa = PBXNativeTarget;
			buildConfigurationList = 686B3EC32639739B00D1E086 /* Build configuration list for PBXNativeTarget "LoginPractical" */;
			buildPhases = (
				E2119B5BEBBB8B9DC04994E0 /* [CP] Check Pods Manifest.lock */,
				686B3EAB2639739900D1E086 /* Sources */,
				686B3EAC2639739900D1E086 /* Frameworks */,
				686B3EAD2639739900D1E086 /* Resources */,
				F6D0452292A5878771CEAD4A /* [CP] Embed Pods Frameworks */,
			);
			buildRules = (
			);
			dependencies = (
			);
			name = LoginPractical;
			productName = LoginPractical;
			productReference = 686B3EAF2639739900D1E086 /* LoginPractical.app */;
			productType = "com.apple.product-type.application";
		};
/* End PBXNativeTarget section */

/* Begin PBXProject section */
		686B3EA72639739900D1E086 /* Project object */ = {
			isa = PBXProject;
			attributes = {
				LastSwiftUpdateCheck = 1230;
				LastUpgradeCheck = 1230;
				TargetAttributes = {
					686B3EAE2639739900D1E086 = {
						CreatedOnToolsVersion = 12.3;
					};
				};
			};
			buildConfigurationList = 686B3EAA2639739900D1E086 /* Build configuration list for PBXProject "LoginPractical" */;
			compatibilityVersion = "Xcode 9.3";
			developmentRegion = en;
			hasScannedForEncodings = 0;
			knownRegions = (
				en,
				Base,
			);
			mainGroup = 686B3EA62639739900D1E086;
			productRefGroup = 686B3EB02639739900D1E086 /* Products */;
			projectDirPath = "";
			projectRoot = "";
			targets = (
				686B3EAE2639739900D1E086 /* LoginPractical */,
			);
		};
/* End PBXProject section */

/* Begin PBXResourcesBuildPhase section */
		686B3EAD2639739900D1E086 /* Resources */ = {
			isa = PBXResourcesBuildPhase;
			buildActionMask = 2147483647;
			files = (
				686B3EBF2639739B00D1E086 /* LaunchScreen.storyboard in Resources */,
				686B3EBC2639739B00D1E086 /* Assets.xcassets in Resources */,
				686B3EBA2639739900D1E086 /* Main.storyboard in Resources */,
			);
			runOnlyForDeploymentPostprocessing = 0;
		};
/* End PBXResourcesBuildPhase section */

/* Begin PBXShellScriptBuildPhase section */
		E2119B5BEBBB8B9DC04994E0 /* [CP] Check Pods Manifest.lock */ = {
			isa = PBXShellScriptBuildPhase;
			buildActionMask = 2147483647;
			files = (
			);
			inputFileListPaths = (
			);
			inputPaths = (
				"${PODS_PODFILE_DIR_PATH}/Podfile.lock",
				"${PODS_ROOT}/Manifest.lock",
			);
			name = "[CP] Check Pods Manifest.lock";
			outputFileListPaths = (
			);
			outputPaths = (
				"$(DERIVED_FILE_DIR)/Pods-LoginPractical-checkManifestLockResult.txt",
			);
			runOnlyForDeploymentPostprocessing = 0;
			shellPath = /bin/sh;
			shellScript = "diff \"${PODS_PODFILE_DIR_PATH}/Podfile.lock\" \"${PODS_ROOT}/Manifest.lock\" > /dev/null\nif [ $? != 0 ] ; then\n    # print error to STDERR\n    echo \"error: The sandbox is not in sync with the Podfile.lock. Run 'pod install' or update your CocoaPods installation.\" >&2\n    exit 1\nfi\n# This output is used by Xcode 'outputs' to avoid re-running this script phase.\necho \"SUCCESS\" > \"${SCRIPT_OUTPUT_FILE_0}\"\n";
			showEnvVarsInLog = 0;
		};
		F6D0452292A5878771CEAD4A /* [CP] Embed Pods Frameworks */ = {
			isa = PBXShellScriptBuildPhase;
			buildActionMask = 2147483647;
			files = (
			);
			inputFileListPaths = (
				"${PODS_ROOT}/Target Support Files/Pods-LoginPractical/Pods-LoginPractical-frameworks-${CONFIGURATION}-input-files.xcfilelist",
			);
			name = "[CP] Embed Pods Frameworks";
			outputFileListPaths = (
				"${PODS_ROOT}/Target Support Files/Pods-LoginPractical/Pods-LoginPractical-frameworks-${CONFIGURATION}-output-files.xcfilelist",
			);
			runOnlyForDeploymentPostprocessing = 0;
			shellPath = /bin/sh;
			shellScript = "\"${PODS_ROOT}/Target Support Files/Pods-LoginPractical/Pods-LoginPractical-frameworks.sh\"\n";
			showEnvVarsInLog = 0;
		};
/* End PBXShellScriptBuildPhase section */

/* Begin PBXSourcesBuildPhase section */
		686B3EAB2639739900D1E086 /* Sources */ = {
			isa = PBXSourcesBuildPhase;
			buildActionMask = 2147483647;
			files = (
				686B3EB72639739900D1E086 /* ViewController.swift in Sources */,
				686B3EB32639739900D1E086 /* AppDelegate.swift in Sources */,
				686B3EB52639739900D1E086 /* SceneDelegate.swift in Sources */,
			);
			runOnlyForDeploymentPostprocessing = 0;
		};
/* End PBXSourcesBuildPhase section */

/* Begin PBXVariantGroup section */
		686B3EB82639739900D1E086 /* Main.storyboard */ = {
			isa = PBXVariantGroup;
			children = (
				686B3EB92639739900D1E086 /* Base */,
			);
			name = Main.storyboard;
			sourceTree = "<group>";
		};
		686B3EBD2639739B00D1E086 /* LaunchScreen.storyboard */ = {
			isa = PBXVariantGroup;
			children = (
				686B3EBE2639739B00D1E086 /* Base */,
			);
			name = LaunchScreen.storyboard;
			sourceTree = "<group>";
		};
/* End PBXVariantGroup section */

/* Begin XCBuildConfiguration section */
		686B3EC12639739B00D1E086 /* Debug */ = {
			isa = XCBuildConfiguration;
			buildSettings = {
				ALWAYS_SEARCH_USER_PATHS = NO;
				CLANG_ANALYZER_NONNULL = YES;
				CLANG_ANALYZER_NUMBER_OBJECT_CONVERSION = YES_AGGRESSIVE;
				CLANG_CXX_LANGUAGE_STANDARD = "gnu++14";
				CLANG_CXX_LIBRARY = "libc++";
				CLANG_ENABLE_MODULES = YES;
				CLANG_ENABLE_OBJC_ARC = YES;
				CLANG_ENABLE_OBJC_WEAK = YES;
				CLANG_WARN_BLOCK_CAPTURE_AUTORELEASING = YES;
				CLANG_WARN_BOOL_CONVERSION = YES;
				CLANG_WARN_COMMA = YES;
				CLANG_WARN_CONSTANT_CONVERSION = YES;
				CLANG_WARN_DEPRECATED_OBJC_IMPLEMENTATIONS = YES;
				CLANG_WARN_DIRECT_OBJC_ISA_USAGE = YES_ERROR;
				CLANG_WARN_DOCUMENTATION_COMMENTS = YES;
				CLANG_WARN_EMPTY_BODY = YES;
				CLANG_WARN_ENUM_CONVERSION = YES;
				CLANG_WARN_INFINITE_RECURSION = YES;
				CLANG_WARN_INT_CONVERSION = YES;
				CLANG_WARN_NON_LITERAL_NULL_CONVERSION = YES;
				CLANG_WARN_OBJC_IMPLICIT_RETAIN_SELF = YES;
				CLANG_WARN_OBJC_LITERAL_CONVERSION = YES;
				CLANG_WARN_OBJC_ROOT_CLASS = YES_ERROR;
				CLANG_WARN_QUOTED_INCLUDE_IN_FRAMEWORK_HEADER = YES;
				CLANG_WARN_RANGE_LOOP_ANALYSIS = YES;
				CLANG_WARN_STRICT_PROTOTYPES = YES;
				CLANG_WARN_SUSPICIOUS_MOVE = YES;
				CLANG_WARN_UNGUARDED_AVAILABILITY = YES_AGGRESSIVE;
				CLANG_WARN_UNREACHABLE_CODE = YES;
				CLANG_WARN__DUPLICATE_METHOD_MATCH = YES;
				COPY_PHASE_STRIP = NO;
				DEBUG_INFORMATION_FORMAT = dwarf;
				ENABLE_STRICT_OBJC_MSGSEND = YES;
				ENABLE_TESTABILITY = YES;
				GCC_C_LANGUAGE_STANDARD = gnu11;
				GCC_DYNAMIC_NO_PIC = NO;
				GCC_NO_COMMON_BLOCKS = YES;
				GCC_OPTIMIZATION_LEVEL = 0;
				GCC_PREPROCESSOR_DEFINITIONS = (
					"DEBUG=1",
					"$(inherited)",
				);
				GCC_WARN_64_TO_32_BIT_CONVERSION = YES;
				GCC_WARN_ABOUT_RETURN_TYPE = YES_ERROR;
				GCC_WARN_UNDECLARED_SELECTOR = YES;
				GCC_WARN_UNINITIALIZED_AUTOS = YES_AGGRESSIVE;
				GCC_WARN_UNUSED_FUNCTION = YES;
				GCC_WARN_UNUSED_VARIABLE = YES;
				IPHONEOS_DEPLOYMENT_TARGET = 14.3;
				MTL_ENABLE_DEBUG_INFO = INCLUDE_SOURCE;
				MTL_FAST_MATH = YES;
				ONLY_ACTIVE_ARCH = YES;
				SDKROOT = iphoneos;
				SWIFT_ACTIVE_COMPILATION_CONDITIONS = DEBUG;
				SWIFT_OPTIMIZATION_LEVEL = "-Onone";
			};
			name = Debug;
		};
		686B3EC22639739B00D1E086 /* Release */ = {
			isa = XCBuildConfiguration;
			buildSettings = {
				ALWAYS_SEARCH_USER_PATHS = NO;
				CLANG_ANALYZER_NONNULL = YES;
				CLANG_ANALYZER_NUMBER_OBJECT_CONVERSION = YES_AGGRESSIVE;
				CLANG_CXX_LANGUAGE_STANDARD = "gnu++14";
				CLANG_CXX_LIBRARY = "libc++";
				CLANG_ENABLE_MODULES = YES;
				CLANG_ENABLE_OBJC_ARC = YES;
				CLANG_ENABLE_OBJC_WEAK = YES;
				CLANG_WARN_BLOCK_CAPTURE_AUTORELEASING = YES;
				CLANG_WARN_BOOL_CONVERSION = YES;
				CLANG_WARN_COMMA = YES;
				CLANG_WARN_CONSTANT_CONVERSION = YES;
				CLANG_WARN_DEPRECATED_OBJC_IMPLEMENTATIONS = YES;
				CLANG_WARN_DIRECT_OBJC_ISA_USAGE = YES_ERROR;
				CLANG_WARN_DOCUMENTATION_COMMENTS = YES;
				CLANG_WARN_EMPTY_BODY = YES;
				CLANG_WARN_ENUM_CONVERSION = YES;
				CLANG_WARN_INFINITE_RECURSION = YES;
				CLANG_WARN_INT_CONVERSION = YES;
				CLANG_WARN_NON_LITERAL_NULL_CONVERSION = YES;
				CLANG_WARN_OBJC_IMPLICIT_RETAIN_SELF = YES;
				CLANG_WARN_OBJC_LITERAL_CONVERSION = YES;
				CLANG_WARN_OBJC_ROOT_CLASS = YES_ERROR;
				CLANG_WARN_QUOTED_INCLUDE_IN_FRAMEWORK_HEADER = YES;
				CLANG_WARN_RANGE_LOOP_ANALYSIS = YES;
				CLANG_WARN_STRICT_PROTOTYPES = YES;
				CLANG_WARN_SUSPICIOUS_MOVE = YES;
				CLANG_WARN_UNGUARDED_AVAILABILITY = YES_AGGRESSIVE;
				CLANG_WARN_UNREACHABLE_CODE = YES;
				CLANG_WARN__DUPLICATE_METHOD_MATCH = YES;
				COPY_PHASE_STRIP = NO;
				DEBUG_INFORMATION_FORMAT = "dwarf-with-dsym";
				ENABLE_NS_ASSERTIONS = NO;
				ENABLE_STRICT_OBJC_MSGSEND = YES;
				GCC_C_LANGUAGE_STANDARD = gnu11;
				GCC_NO_COMMON_BLOCKS = YES;
				GCC_WARN_64_TO_32_BIT_CONVERSION = YES;
				GCC_WARN_ABOUT_RETURN_TYPE = YES_ERROR;
				GCC_WARN_UNDECLARED_SELECTOR = YES;
				GCC_WARN_UNINITIALIZED_AUTOS = YES_AGGRESSIVE;
				GCC_WARN_UNUSED_FUNCTION = YES;
				GCC_WARN_UNUSED_VARIABLE = YES;
				IPHONEOS_DEPLOYMENT_TARGET = 14.3;
				MTL_ENABLE_DEBUG_INFO = NO;
				MTL_FAST_MATH = YES;
				SDKROOT = iphoneos;
				SWIFT_COMPILATION_MODE = wholemodule;
				SWIFT_OPTIMIZATION_LEVEL = "-O";
				VALIDATE_PRODUCT = YES;
			};
			name = Release;
		};
		686B3EC42639739B00D1E086 /* Debug */ = {
			isa = XCBuildConfiguration;
			baseConfigurationReference = 6FCC85C9DBBD986F980C8C25 /* Pods-LoginPractical.debug.xcconfig */;
			buildSettings = {
				ASSETCATALOG_COMPILER_APPICON_NAME = AppIcon;
				ASSETCATALOG_COMPILER_GLOBAL_ACCENT_COLOR_NAME = AccentColor;
				CODE_SIGN_STYLE = Automatic;
				INFOPLIST_FILE = LoginPractical/Info.plist;
				LD_RUNPATH_SEARCH_PATHS = (
					"$(inherited)",
					"@executable_path/Frameworks",
				);
				PRODUCT_BUNDLE_IDENTIFIER = com.mi.LoginPractical;
				PRODUCT_NAME = "$(TARGET_NAME)";
				SWIFT_VERSION = 5.0;
				TARGETED_DEVICE_FAMILY = "1,2";
			};
			name = Debug;
		};
		686B3EC52639739B00D1E086 /* Release */ = {
			isa = XCBuildConfiguration;
			baseConfigurationReference = EFE9467775C3989B1BEF1E87 /* Pods-LoginPractical.release.xcconfig */;
			buildSettings = {
				ASSETCATALOG_COMPILER_APPICON_NAME = AppIcon;
				ASSETCATALOG_COMPILER_GLOBAL_ACCENT_COLOR_NAME = AccentColor;
				CODE_SIGN_STYLE = Automatic;
				INFOPLIST_FILE = LoginPractical/Info.plist;
				LD_RUNPATH_SEARCH_PATHS = (
					"$(inherited)",
					"@executable_path/Frameworks",
				);
				PRODUCT_BUNDLE_IDENTIFIER = com.mi.LoginPractical;
				PRODUCT_NAME = "$(TARGET_NAME)";
				SWIFT_VERSION = 5.0;
				TARGETED_DEVICE_FAMILY = "1,2";
			};
			name = Release;
		};
/* End XCBuildConfiguration section */

/* Begin XCConfigurationList section */
		686B3EAA2639739900D1E086 /* Build configuration list for PBXProject "LoginPractical" */ = {
			isa = XCConfigurationList;
			buildConfigurations = (
				686B3EC12639739B00D1E086 /* Debug */,
				686B3EC22639739B00D1E086 /* Release */,
			);
			defaultConfigurationIsVisible = 0;
			defaultConfigurationName = Release;
		};
		686B3EC32639739B00D1E086 /* Build configuration list for PBXNativeTarget "LoginPractical" */ = {
			isa = XCConfigurationList;
			buildConfigurations = (
				686B3EC42639739B00D1E086 /* Debug */,
				686B3EC52639739B00D1E086 /* Release */,
			);
			defaultConfigurationIsVisible = 0;
			defaultConfigurationName = Release;
		};
/* End XCConfigurationList section */
	};
	rootObject = 686B3EA72639739900D1E086 /* Project object */;
}
